Microsoft Visual Studio Solution File, Format Version 12.00
# Visual Studio Version 17
VisualStudioVersion = 17.5.2.0
MinimumVisualStudioVersion = 10.0.40219.1
Project("{2150E333-8FDC-42A3-9474-1A3956D46DE8}") = "src", "src", "{C6F9E9C3-E237-4AA5-907E-1A7D86CF840B}"
EndProject
Project("{2150E333-8FDC-42A3-9474-1A3956D46DE8}") = "tests", "tests", "{12F78FDC-F151-491B-B546-9202ED091B87}"
EndProject
Project("{FAE04EC0-301F-11D3-BF4B-00C04F79EFBC}") = "LivingDocGen.CLI", "src\LivingDocGen.CLI\LivingDocGen.CLI.csproj", "{BA49508B-B5AE-47F1-B302-4EBBC42BDA4B}"
EndProject
Project("{FAE04EC0-301F-11D3-BF4B-00C04F79EFBC}") = "LivingDocGen.Core", "src\LivingDocGen.Core\LivingDocGen.Core.csproj", "{29FF2B8F-E91B-44C4-89F6-BD6F9BFA523B}"
EndProject
Project("{FAE04EC0-301F-11D3-BF4B-00C04F79EFBC}") = "LivingDocGen.Parser", "src\LivingDocGen.Parser\LivingDocGen.Parser.csproj", "{AA86B4E7-6234-4514-AD02-CC37433C1130}"
EndProject
Project("{FAE04EC0-301F-11D3-BF4B-00C04F79EFBC}") = "LivingDocGen.Generator", "src\LivingDocGen.Generator\LivingDocGen.Generator.csproj", "{B1773F62-9571-485F-88A5-2BE9836A6488}"
EndProject
Project("{FAE04EC0-301F-11D3-BF4B-00C04F79EFBC}") = "LivingDocGen.TestReporter", "src\LivingDocGen.TestReporter\LivingDocGen.TestReporter.csproj", "{B226FF1E-E9EC-4EFF-99F9-FD9BA0B302B8}"
EndProject
Project("{FAE04EC0-301F-11D3-BF4B-00C04F79EFBC}") = "LivingDocGen.Reqnroll.Integration", "src\LivingDocGen.Reqnroll.Integration\LivingDocGen.Reqnroll.Integration.csproj", "{44968ED1-089C-40D7-9BA2-017D54917589}"
EndProject
Project("{FAE04EC0-301F-11D3-BF4B-00C04F79EFBC}") = "LivingDoc.MSBuild", "src\LivingDocGen.MSBuild\LivingDoc.MSBuild.csproj", "{3917E0A1-AD67-459E-A102-2771203D87B1}"
EndProject
Project("{FAE04EC0-301F-11D3-BF4B-00C04F79EFBC}") = "LivingDocGen.Parser.Tests", "tests\LivingDocGen.Parser.Tests\LivingDocGen.Parser.Tests.csproj", "{DDC04547-04B8-4000-8EF3-8DA71F091497}"
EndProject
Global
	GlobalSection(SolutionConfigurationPlatforms) = preSolution
		Debug|Any CPU = Debug|Any CPU
		Release|Any CPU = Release|Any CPU
	EndGlobalSection
	GlobalSection(ProjectConfigurationPlatforms) = postSolution
		{BA49508B-B5AE-47F1-B302-4EBBC42BDA4B}.Debug|Any CPU.ActiveCfg = Debug|Any CPU
		{BA49508B-B5AE-47F1-B302-4EBBC42BDA4B}.Debug|Any CPU.Build.0 = Debug|Any CPU
		{BA49508B-B5AE-47F1-B302-4EBBC42BDA4B}.Release|Any CPU.ActiveCfg = Release|Any CPU
		{BA49508B-B5AE-47F1-B302-4EBBC42BDA4B}.Release|Any CPU.Build.0 = Release|Any CPU
		{29FF2B8F-E91B-44C4-89F6-BD6F9BFA523B}.Debug|Any CPU.ActiveCfg = Debug|Any CPU
		{29FF2B8F-E91B-44C4-89F6-BD6F9BFA523B}.Debug|Any CPU.Build.0 = Debug|Any CPU
		{29FF2B8F-E91B-44C4-89F6-BD6F9BFA523B}.Release|Any CPU.ActiveCfg = Release|Any CPU
		{29FF2B8F-E91B-44C4-89F6-BD6F9BFA523B}.Release|Any CPU.Build.0 = Release|Any CPU
		{AA86B4E7-6234-4514-AD02-CC37433C1130}.Debug|Any CPU.ActiveCfg = Debug|Any CPU
		{AA86B4E7-6234-4514-AD02-CC37433C1130}.Debug|Any CPU.Build.0 = Debug|Any CPU
		{AA86B4E7-6234-4514-AD02-CC37433C1130}.Release|Any CPU.ActiveCfg = Release|Any CPU
		{AA86B4E7-6234-4514-AD02-CC37433C1130}.Release|Any CPU.Build.0 = Release|Any CPU
		{B1773F62-9571-485F-88A5-2BE9836A6488}.Debug|Any CPU.ActiveCfg = Debug|Any CPU
		{B1773F62-9571-485F-88A5-2BE9836A6488}.Debug|Any CPU.Build.0 = Debug|Any CPU
		{B1773F62-9571-485F-88A5-2BE9836A6488}.Release|Any CPU.ActiveCfg = Release|Any CPU
		{B1773F62-9571-485F-88A5-2BE9836A6488}.Release|Any CPU.Build.0 = Release|Any CPU
		{B226FF1E-E9EC-4EFF-99F9-FD9BA0B302B8}.Debug|Any CPU.ActiveCfg = Debug|Any CPU
		{B226FF1E-E9EC-4EFF-99F9-FD9BA0B302B8}.Debug|Any CPU.Build.0 = Debug|Any CPU
		{B226FF1E-E9EC-4EFF-99F9-FD9BA0B302B8}.Release|Any CPU.ActiveCfg = Release|Any CPU
		{B226FF1E-E9EC-4EFF-99F9-FD9BA0B302B8}.Release|Any CPU.Build.0 = Release|Any CPU
		{44968ED1-089C-40D7-9BA2-017D54917589}.Debug|Any CPU.ActiveCfg = Debug|Any CPU
		{44968ED1-089C-40D7-9BA2-017D54917589}.Debug|Any CPU.Build.0 = Debug|Any CPU
		{44968ED1-089C-40D7-9BA2-017D54917589}.Release|Any CPU.ActiveCfg = Release|Any CPU
		{44968ED1-089C-40D7-9BA2-017D54917589}.Release|Any CPU.Build.0 = Release|Any CPU
		{3917E0A1-AD67-459E-A102-2771203D87B1}.Debug|Any CPU.ActiveCfg = Debug|Any CPU
		{3917E0A1-AD67-459E-A102-2771203D87B1}.Debug|Any CPU.Build.0 = Debug|Any CPU
		{3917E0A1-AD67-459E-A102-2771203D87B1}.Release|Any CPU.ActiveCfg = Release|Any CPU
		{3917E0A1-AD67-459E-A102-2771203D87B1}.Release|Any CPU.Build.0 = Release|Any CPU
		{DDC04547-04B8-4000-8EF3-8DA71F091497}.Debug|Any CPU.ActiveCfg = Debug|Any CPU
		{DDC04547-04B8-4000-8EF3-8DA71F091497}.Debug|Any CPU.Build.0 = Debug|Any CPU
		{DDC04547-04B8-4000-8EF3-8DA71F091497}.Release|Any CPU.ActiveCfg = Release|Any CPU
		{DDC04547-04B8-4000-8EF3-8DA71F091497}.Release|Any CPU.Build.0 = Release|Any CPU
	EndGlobalSection
	GlobalSection(SolutionProperties) = preSolution
		HideSolutionNode = FALSE
	EndGlobalSection
	GlobalSection(NestedProjects) = preSolution
		{BA49508B-B5AE-47F1-B302-4EBBC42BDA4B} = {C6F9E9C3-E237-4AA5-907E-1A7D86CF840B}
		{29FF2B8F-E91B-44C4-89F6-BD6F9BFA523B} = {C6F9E9C3-E237-4AA5-907E-1A7D86CF840B}
		{AA86B4E7-6234-4514-AD02-CC37433C1130} = {C6F9E9C3-E237-4AA5-907E-1A7D86CF840B}
		{B1773F62-9571-485F-88A5-2BE9836A6488} = {C6F9E9C3-E237-4AA5-907E-1A7D86CF840B}
		{B226FF1E-E9EC-4EFF-99F9-FD9BA0B302B8} = {C6F9E9C3-E237-4AA5-907E-1A7D86CF840B}
		{44968ED1-089C-40D7-9BA2-017D54917589} = {C6F9E9C3-E237-4AA5-907E-1A7D86CF840B}
		{3917E0A1-AD67-459E-A102-2771203D87B1} = {C6F9E9C3-E237-4AA5-907E-1A7D86CF840B}
		{DDC04547-04B8-4000-8EF3-8DA71F091497} = {12F78FDC-F151-491B-B546-9202ED091B87}
	EndGlobalSection
	GlobalSection(ExtensibilityGlobals) = postSolution
		SolutionGuid = {9E14ABB3-C8F8-40B9-9B9C-9DB739784C35}
	EndGlobalSection
EndGlobal
